// !$*UTF8*$!
{
	archiveVersion = 1;
	classes = {
	};
	objectVersion = 77;
	objects = {

/* Begin PBXContainerItemProxy section */
		10C26AE82F2F7CF100FA4739 /* PBXContainerItemProxy */ = {
			isa = PBXContainerItemProxy;
			containerPortal = 10C26AD22F2F7CF000FA4739 /* Project object */;
			proxyType = 1;
			remoteGlobalIDString = 10C26AD92F2F7CF000FA4739;
			remoteInfo = ExternalDisplayTools;
		};
		10C26AF22F2F7CF100FA4739 /* PBXContainerItemProxy */ = {
			isa = PBXContainerItemProxy;
			containerPortal = 10C26AD22F2F7CF000FA4739 /* Project object */;
			proxyType = 1;
			remoteGlobalIDString = 10C26AD92F2F7CF000FA4739;
			remoteInfo = ExternalDisplayTools;
		};
/* End PBXContainerItemProxy section */

/* Begin PBXFileReference section */
		10C26ADA2F2F7CF000FA4739 /* ExternalDisplayTools.app */ = {isa = PBXFileReference; explicitFileType = wrapper.application; includeInIndex = 0; path = ExternalDisplayTools.app; sourceTree = BUILT_PRODUCTS_DIR; };
		10C26AE72F2F7CF100FA4739 /* ExternalDisplayToolsTests.xctest */ = {isa = PBXFileReference; explicitFileType = wrapper.cfbundle; includeInIndex = 0; path = ExternalDisplayToolsTests.xctest; sourceTree = BUILT_PRODUCTS_DIR; };
		10C26AF12F2F7CF100FA4739 /* ExternalDisplayToolsUITests.xctest */ = {isa = PBXFileReference; explicitFileType = wrapper.cfbundle; includeInIndex = 0; path = ExternalDisplayToolsUITests.xctest; sourceTree = BUILT_PRODUCTS_DIR; };
/* End PBXFileReference section */

/* Begin PBXFileSystemSynchronizedRootGroup section */
		10C26ADC2F2F7CF000FA4739 /* ExternalDisplayTools */ = {
			isa = PBXFileSystemSynchronizedRootGroup;
			path = ExternalDisplayTools;
			sourceTree = "<group>";
		};
		10C26AEA2F2F7CF100FA4739 /* ExternalDisplayToolsTests */ = {
			isa = PBXFileSystemSynchronizedRootGroup;
			path = ExternalDisplayToolsTests;
			sourceTree = "<group>";
		};
		10C26AF42F2F7CF100FA4739 /* ExternalDisplayToolsUITests */ = {
			isa = PBXFileSystemSynchronizedRootGroup;
			path = ExternalDisplayToolsUITests;
			sourceTree = "<group>";
		};
/* End PBXFileSystemSynchronizedRootGroup section */

/* Begin PBXFrameworksBuildPhase section */
		10C26AD72F2F7CF000FA4739 /* Frameworks */ = {
			isa = PBXFrameworksBuildPhase;
			buildActionMask = 2147483647;
			files = (
			);
			runOnlyForDeploymentPostprocessing = 0;
		};
		10C26AE42F2F7CF100FA4739 /* Frameworks */ = {
			isa = PBXFrameworksBuildPhase;
			buildActionMask = 2147483647;
			files = (
			);
			runOnlyForDeploymentPostprocessing = 0;
		};
		10C26AEE2F2F7CF100FA4739 /* Frameworks */ = {
			isa = PBXFrameworksBuildPhase;
			buildActionMask = 2147483647;
			files = (
			);
			runOnlyForDeploymentPostprocessing = 0;
		};
/* End PBXFrameworksBuildPhase section */

/* Begin PBXGroup section */
		10C26AD12F2F7CF000FA4739 = {
			isa = PBXGroup;
			children = (
				10C26ADC2F2F7CF000FA4739 /* ExternalDisplayTools */,
				10C26AEA2F2F7CF100FA4739 /* ExternalDisplayToolsTests */,
				10C26AF42F2F7CF100FA4739 /* ExternalDisplayToolsUITests */,
				10C26ADB2F2F7CF000FA4739 /* Products */,
			);
			sourceTree = "<group>";
		};
		10C26ADB2F2F7CF000FA4739 /* Products */ = {
			isa = PBXGroup;
			children = (
				10C26ADA2F2F7CF000FA4739 /* ExternalDisplayTools.app */,
				10C26AE72F2F7CF100FA4739 /* ExternalDisplayToolsTests.xctest */,
				10C26AF12F2F7CF100FA4739 /* ExternalDisplayToolsUITests.xctest */,
			);
			name = Products;
			sourceTree = "<group>";
		};
/* End PBXGroup section */

/* Begin PBXNativeTarget section */
		10C26AD92F2F7CF000FA4739 /* ExternalDisplayTools */ = {
			isa = PBXNativeTarget;
			buildConfigurationList = 10C26AFB2F2F7CF100FA4739 /* Build configuration list for PBXNativeTarget "ExternalDisplayTools" */;
			buildPhases = (
				10C26AD62F2F7CF000FA4739 /* Sources */,
				10C26AD72F2F7CF000FA4739 /* Frameworks */,
				10C26AD82F2F7CF000FA4739 /* Resources */,
			);
			buildRules = (
			);
			dependencies = (
			);
			fileSystemSynchronizedGroups = (
				10C26ADC2F2F7CF000FA4739 /* ExternalDisplayTools */,
			);
			name = ExternalDisplayTools;
			packageProductDependencies = (
			);
			productName = ExternalDisplayTools;
			productReference = 10C26ADA2F2F7CF000FA4739 /* ExternalDisplayTools.app */;
			productType = "com.apple.product-type.application";
		};
		10C26AE62F2F7CF100FA4739 /* ExternalDisplayToolsTests */ = {
			isa = PBXNativeTarget;
			buildConfigurationList = 10C26AFE2F2F7CF100FA4739 /* Build configuration list for PBXNativeTarget "ExternalDisplayToolsTests" */;
			buildPhases = (
				10C26AE32F2F7CF100FA4739 /* Sources */,
				10C26AE42F2F7CF100FA4739 /* Frameworks */,
				10C26AE52F2F7CF100FA4739 /* Resources */,
			);
			buildRules = (
			);
			dependencies = (
				10C26AE92F2F7CF100FA4739 /* PBXTargetDependency */,
			);
			fileSystemSynchronizedGroups = (
				10C26AEA2F2F7CF100FA4739 /* ExternalDisplayToolsTests */,
			);
			name = ExternalDisplayToolsTests;
			packageProductDependencies = (
			);
			productName = ExternalDisplayToolsTests;
			productReference = 10C26AE72F2F7CF100FA4739 /* ExternalDisplayToolsTests.xctest */;
			productType = "com.apple.product-type.bundle.unit-test";
		};
		10C26AF02F2F7CF100FA4739 /* ExternalDisplayToolsUITests */ = {
			isa = PBXNativeTarget;
			buildConfigurationList = 10C26B012F2F7CF100FA4739 /* Build configuration list for PBXNativeTarget "ExternalDisplayToolsUITests" */;
			buildPhases = (
				10C26AED2F2F7CF100FA4739 /* Sources */,
				10C26AEE2F2F7CF100FA4739 /* Frameworks */,
				10C26AEF2F2F7CF100FA4739 /* Resources */,
			);
			buildRules = (
			);
			dependencies = (
				10C26AF32F2F7CF100FA4739 /* PBXTargetDependency */,
			);
			fileSystemSynchronizedGroups = (
				10C26AF42F2F7CF100FA4739 /* ExternalDisplayToolsUITests */,
			);
			name = ExternalDisplayToolsUITests;
			packageProductDependencies = (
			);
			productName = ExternalDisplayToolsUITests;
			productReference = 10C26AF12F2F7CF100FA4739 /* ExternalDisplayToolsUITests.xctest */;
			productType = "com.apple.product-type.bundle.ui-testing";
		};
/* End PBXNativeTarget section */

/* Begin PBXProject section */
		10C26AD22F2F7CF000FA4739 /* Project object */ = {
			isa = PBXProject;
			attributes = {
				BuildIndependentTargetsInParallel = 1;
				LastSwiftUpdateCheck = 2620;
				LastUpgradeCheck = 2620;
				TargetAttributes = {
					10C26AD92F2F7CF000FA4739 = {
						CreatedOnToolsVersion = 26.2;
					};
					10C26AE62F2F7CF100FA4739 = {
						CreatedOnToolsVersion = 26.2;
						TestTargetID = 10C26AD92F2F7CF000FA4739;
					};
					10C26AF02F2F7CF100FA4739 = {
						CreatedOnToolsVersion = 26.2;
						TestTargetID = 10C26AD92F2F7CF000FA4739;
					};
				};
			};
			buildConfigurationList = 10C26AD52F2F7CF000FA4739 /* Build configuration list for PBXProject "ExternalDisplayTools" */;
			developmentRegion = en;
			hasScannedForEncodings = 0;
			knownRegions = (
				en,
				Base,
			);
			mainGroup = 10C26AD12F2F7CF000FA4739;
			minimizedProjectReferenceProxies = 1;
			preferredProjectObjectVersion = 77;
			productRefGroup = 10C26ADB2F2F7CF000FA4739 /* Products */;
			projectDirPath = "";
			projectRoot = "";
			targets = (
				10C26AD92F2F7CF000FA4739 /* ExternalDisplayTools */,
				10C26AE62F2F7CF100FA4739 /* ExternalDisplayToolsTests */,
				10C26AF02F2F7CF100FA4739 /* ExternalDisplayToolsUITests */,
			);
		};
/* End PBXProject section */

/* Begin PBXResourcesBuildPhase section */
		10C26AD82F2F7CF000FA4739 /* Resources */ = {
			isa = PBXResourcesBuildPhase;
			buildActionMask = 2147483647;
			files = (
			);
			runOnlyForDeploymentPostprocessing = 0;
		};
		10C26AE52F2F7CF100FA4739 /* Resources */ = {
			isa = PBXResourcesBuildPhase;
			buildActionMask = 2147483647;
			files = (
			);
			runOnlyForDeploymentPostprocessing = 0;
		};
		10C26AEF2F2F7CF100FA4739 /* Resources */ = {
			isa = PBXResourcesBuildPhase;
			buildActionMask = 2147483647;
			files = (
			);
			runOnlyForDeploymentPostprocessing = 0;
		};
/* End PBXResourcesBuildPhase section */

/* Begin PBXSourcesBuildPhase section */
		10C26AD62F2F7CF000FA4739 /* Sources */ = {
			isa = PBXSourcesBuildPhase;
			buildActionMask = 2147483647;
			files = (
			);
			runOnlyForDeploymentPostprocessing = 0;
		};
		10C26AE32F2F7CF100FA4739 /* Sources */ = {
			isa = PBXSourcesBuildPhase;
			buildActionMask = 2147483647;
			files = (
			);
			runOnlyForDeploymentPostprocessing = 0;
		};
		10C26AED2F2F7CF100FA4739 /* Sources */ = {
			isa = PBXSourcesBuildPhase;
			buildActionMask = 2147483647;
			files = (
			);
			runOnlyForDeploymentPostprocessing = 0;
		};
/* End PBXSourcesBuildPhase section */

/* Begin PBXTargetDependency section */
		10C26AE92F2F7CF100FA4739 /* PBXTargetDependency */ = {
			isa = PBXTargetDependency;
			target = 10C26AD92F2F7CF000FA4739 /* ExternalDisplayTools */;
			targetProxy = 10C26AE82F2F7CF100FA4739 /* PBXContainerItemProxy */;
		};
		10C26AF32F2F7CF100FA4739 /* PBXTargetDependency */ = {
			isa = PBXTargetDependency;
			target = 10C26AD92F2F7CF000FA4739 /* ExternalDisplayTools */;
			targetProxy = 10C26AF22F2F7CF100FA4739 /* PBXContainerItemProxy */;
		};
/* End PBXTargetDependency section */

/* Begin XCBuildConfiguration section */
		10C26AF92F2F7CF100FA4739 /* Debug */ = {
			isa = XCBuildConfiguration;
			buildSettings = {
				ALWAYS_SEARCH_USER_PATHS = NO;
				ASSETCATALOG_COMPILER_GENERATE_SWIFT_ASSET_SYMBOL_EXTENSIONS = YES;
				CLANG_ANALYZER_NONNULL = YES;
				CLANG_ANALYZER_NUMBER_OBJECT_CONVERSION = YES_AGGRESSIVE;
				CLANG_CXX_LANGUAGE_STANDARD = "gnu++20";
				CLANG_ENABLE_MODULES = YES;
				CLANG_ENABLE_OBJC_ARC = YES;
				CLANG_ENABLE_OBJC_WEAK = YES;
				CLANG_WARN_BLOCK_CAPTURE_AUTORELEASING = YES;
				CLANG_WARN_BOOL_CONVERSION = YES;
				CLANG_WARN_COMMA = YES;
				CLANG_WARN_CONSTANT_CONVERSION = YES;
				CLANG_WARN_DEPRECATED_OBJC_IMPLEMENTATIONS = YES;
				CLANG_WARN_DIRECT_OBJC_ISA_USAGE = YES_ERROR;
				CLANG_WARN_DOCUMENTATION_COMMENTS = YES;
				CLANG_WARN_EMPTY_BODY = YES;
				CLANG_WARN_ENUM_CONVERSION = YES;
				CLANG_WARN_INFINITE_RECURSION = YES;
				CLANG_WARN_INT_CONVERSION = YES;
				CLANG_WARN_NON_LITERAL_NULL_CONVERSION = YES;
				CLANG_WARN_OBJC_IMPLICIT_RETAIN_SELF = YES;
				CLANG_WARN_OBJC_LITERAL_CONVERSION = YES;
				CLANG_WARN_OBJC_ROOT_CLASS = YES_ERROR;
				CLANG_WARN_QUOTED_INCLUDE_IN_FRAMEWORK_HEADER = YES;
				CLANG_WARN_RANGE_LOOP_ANALYSIS = YES;
				CLANG_WARN_STRICT_PROTOTYPES = YES;
				CLANG_WARN_SUSPICIOUS_MOVE = YES;
				CLANG_WARN_UNGUARDED_AVAILABILITY = YES_AGGRESSIVE;
				CLANG_WARN_UNREACHABLE_CODE = YES;
				CLANG_WARN__DUPLICATE_METHOD_MATCH = YES;
				COPY_PHASE_STRIP = NO;
				DEBUG_INFORMATION_FORMAT = dwarf;
				DEVELOPMENT_TEAM = SVGR6M2GFR;
				ENABLE_STRICT_OBJC_MSGSEND = YES;
				ENABLE_TESTABILITY = YES;
				ENABLE_USER_SCRIPT_SANDBOXING = YES;
				GCC_C_LANGUAGE_STANDARD = gnu17;
				GCC_DYNAMIC_NO_PIC = NO;
				GCC_NO_COMMON_BLOCKS = YES;
				GCC_OPTIMIZATION_LEVEL = 0;
				GCC_PREPROCESSOR_DEFINITIONS = (
					"DEBUG=1",
					"$(inherited)",
				);
				GCC_WARN_64_TO_32_BIT_CONVERSION = YES;
				GCC_WARN_ABOUT_RETURN_TYPE = YES_ERROR;
				GCC_WARN_UNDECLARED_SELECTOR = YES;
				GCC_WARN_UNINITIALIZED_AUTOS = YES_AGGRESSIVE;
				GCC_WARN_UNUSED_FUNCTION = YES;
				GCC_WARN_UNUSED_VARIABLE = YES;
				LOCALIZATION_PREFERS_STRING_CATALOGS = YES;
				MACOSX_DEPLOYMENT_TARGET = 26.2;
				MTL_ENABLE_DEBUG_INFO = INCLUDE_SOURCE;
				MTL_FAST_MATH = YES;
				ONLY_ACTIVE_ARCH = YES;
				SDKROOT = macosx;
				SWIFT_ACTIVE_COMPILATION_CONDITIONS = "DEBUG $(inherited)";
				SWIFT_OPTIMIZATION_LEVEL = "-Onone";
			};
			name = Debug;
		};
		10C26AFA2F2F7CF100FA4739 /* Release */ = {
			isa = XCBuildConfiguration;
			buildSettings = {
				ALWAYS_SEARCH_USER_PATHS = NO;
				ASSETCATALOG_COMPILER_GENERATE_SWIFT_ASSET_SYMBOL_EXTENSIONS = YES;
				CLANG_ANALYZER_NONNULL = YES;
				CLANG_ANALYZER_NUMBER_OBJECT_CONVERSION = YES_AGGRESSIVE;
				CLANG_CXX_LANGUAGE_STANDARD = "gnu++20";
				CLANG_ENABLE_MODULES = YES;
				CLANG_ENABLE_OBJC_ARC = YES;
				CLANG_ENABLE_OBJC_WEAK = YES;
				CLANG_WARN_BLOCK_CAPTURE_AUTORELEASING = YES;
				CLANG_WARN_BOOL_CONVERSION = YES;
				CLANG_WARN_COMMA = YES;
				CLANG_WARN_CONSTANT_CONVERSION = YES;
				CLANG_WARN_DEPRECATED_OBJC_IMPLEMENTATIONS = YES;
				CLANG_WARN_DIRECT_OBJC_ISA_USAGE = YES_ERROR;
				CLANG_WARN_DOCUMENTATION_COMMENTS = YES;
				CLANG_WARN_EMPTY_BODY = YES;
				CLANG_WARN_ENUM_CONVERSION = YES;
				CLANG_WARN_INFINITE_RECURSION = YES;
				CLANG_WARN_INT_CONVERSION = YES;
				CLANG_WARN_NON_LITERAL_NULL_CONVERSION = YES;
				CLANG_WARN_OBJC_IMPLICIT_RETAIN_SELF = YES;
				CLANG_WARN_OBJC_LITERAL_CONVERSION = YES;
				CLANG_WARN_OBJC_ROOT_CLASS = YES_ERROR;
				CLANG_WARN_QUOTED_INCLUDE_IN_FRAMEWORK_HEADER = YES;
				CLANG_WARN_RANGE_LOOP_ANALYSIS = YES;
				CLANG_WARN_STRICT_PROTOTYPES = YES;
				CLANG_WARN_SUSPICIOUS_MOVE = YES;
				CLANG_WARN_UNGUARDED_AVAILABILITY = YES_AGGRESSIVE;
				CLANG_WARN_UNREACHABLE_CODE = YES;
				CLANG_WARN__DUPLICATE_METHOD_MATCH = YES;
				COPY_PHASE_STRIP = NO;
				DEBUG_INFORMATION_FORMAT = "dwarf-with-dsym";
				DEVELOPMENT_TEAM = SVGR6M2GFR;
				ENABLE_NS_ASSERTIONS = NO;
				ENABLE_STRICT_OBJC_MSGSEND = YES;
				ENABLE_USER_SCRIPT_SANDBOXING = YES;
				GCC_C_LANGUAGE_STANDARD = gnu17;
				GCC_NO_COMMON_BLOCKS = YES;
				GCC_WARN_64_TO_32_BIT_CONVERSION = YES;
				GCC_WARN_ABOUT_RETURN_TYPE = YES_ERROR;
				GCC_WARN_UNDECLARED_SELECTOR = YES;
				GCC_WARN_UNINITIALIZED_AUTOS = YES_AGGRESSIVE;
				GCC_WARN_UNUSED_FUNCTION = YES;
				GCC_WARN_UNUSED_VARIABLE = YES;
				LOCALIZATION_PREFERS_STRING_CATALOGS = YES;
				MACOSX_DEPLOYMENT_TARGET = 26.2;
				MTL_ENABLE_DEBUG_INFO = NO;
				MTL_FAST_MATH = YES;
				SDKROOT = macosx;
				SWIFT_COMPILATION_MODE = wholemodule;
			};
			name = Release;
		};
		10C26AFC2F2F7CF100FA4739 /* Debug */ = {
			isa = XCBuildConfiguration;
			buildSettings = {
				ASSETCATALOG_COMPILER_APPICON_NAME = AppIcon;
				ASSETCATALOG_COMPILER_GLOBAL_ACCENT_COLOR_NAME = AccentColor;
				CODE_SIGN_STYLE = Automatic;
				COMBINE_HIDPI_IMAGES = YES;
				CURRENT_PROJECT_VERSION = 1;
				DEVELOPMENT_TEAM = SVGR6M2GFR;
				ENABLE_APP_SANDBOX = YES;
				ENABLE_HARDENED_RUNTIME = YES;
				ENABLE_PREVIEWS = YES;
				ENABLE_USER_SELECTED_FILES = readonly;
				GENERATE_INFOPLIST_FILE = YES;
				INFOPLIST_KEY_CFBundleDisplayName = ExternalDisplayTools;
				INFOPLIST_KEY_LSApplicationCategoryType = "public.app-category.productivity";
				INFOPLIST_KEY_NSHumanReadableCopyright = "";
				LD_RUNPATH_SEARCH_PATHS = (
					"$(inherited)",
					"@executable_path/../Frameworks",
				);
				MARKETING_VERSION = 1.0;
				PRODUCT_BUNDLE_IDENTIFIER = dev.masterbros.ExternalDisplayTools;
				PRODUCT_NAME = "$(TARGET_NAME)";
				REGISTER_APP_GROUPS = YES;
				STRING_CATALOG_GENERATE_SYMBOLS = YES;
				SWIFT_APPROACHABLE_CONCURRENCY = YES;
				SWIFT_DEFAULT_ACTOR_ISOLATION = MainActor;
				SWIFT_EMIT_LOC_STRINGS = YES;
				SWIFT_UPCOMING_FEATURE_MEMBER_IMPORT_VISIBILITY = YES;
				SWIFT_VERSION = 5.0;
			};
			name = Debug;
		};
		10C26AFD2F2F7CF100FA4739 /* Release */ = {
			isa = XCBuildConfiguration;
			buildSettings = {
				ASSETCATALOG_COMPILER_APPICON_NAME = AppIcon;
				ASSETCATALOG_COMPILER_GLOBAL_ACCENT_COLOR_NAME = AccentColor;
				CODE_SIGN_STYLE = Automatic;
				COMBINE_HIDPI_IMAGES = YES;
				CURRENT_PROJECT_VERSION = 1;
				DEVELOPMENT_TEAM = SVGR6M2GFR;
				ENABLE_APP_SANDBOX = YES;
				ENABLE_HARDENED_RUNTIME = YES;
				ENABLE_PREVIEWS = YES;
				ENABLE_USER_SELECTED_FILES = readonly;
				GENERATE_INFOPLIST_FILE = YES;
				INFOPLIST_KEY_CFBundleDisplayName = ExternalDisplayTools;
				INFOPLIST_KEY_LSApplicationCategoryType = "public.app-category.productivity";
				INFOPLIST_KEY_NSHumanReadableCopyright = "";
				LD_RUNPATH_SEARCH_PATHS = (
					"$(inherited)",
					"@executable_path/../Frameworks",
				);
				MARKETING_VERSION = 1.0;
				PRODUCT_BUNDLE_IDENTIFIER = dev.masterbros.ExternalDisplayTools;
				PRODUCT_NAME = "$(TARGET_NAME)";
				REGISTER_APP_GROUPS = YES;
				STRING_CATALOG_GENERATE_SYMBOLS = YES;
				SWIFT_APPROACHABLE_CONCURRENCY = YES;
				SWIFT_DEFAULT_ACTOR_ISOLATION = MainActor;
				SWIFT_EMIT_LOC_STRINGS = YES;
				SWIFT_UPCOMING_FEATURE_MEMBER_IMPORT_VISIBILITY = YES;
				SWIFT_VERSION = 5.0;
			};
			name = Release;
		};
		10C26AFF2F2F7CF100FA4739 /* Debug */ = {
			isa = XCBuildConfiguration;
			buildSettings = {
				BUNDLE_LOADER = "$(TEST_HOST)";
				CODE_SIGN_STYLE = Automatic;
				CURRENT_PROJECT_VERSION = 1;
				DEVELOPMENT_TEAM = SVGR6M2GFR;
				GENERATE_INFOPLIST_FILE = YES;
				MACOSX_DEPLOYMENT_TARGET = 26.2;
				MARKETING_VERSION = 1.0;
				PRODUCT_BUNDLE_IDENTIFIER = dev.masterbros.ExternalDisplayToolsTests;
				PRODUCT_NAME = "$(TARGET_NAME)";
				STRING_CATALOG_GENERATE_SYMBOLS = NO;
				SWIFT_APPROACHABLE_CONCURRENCY = YES;
				SWIFT_EMIT_LOC_STRINGS = NO;
				SWIFT_UPCOMING_FEATURE_MEMBER_IMPORT_VISIBILITY = YES;
				SWIFT_VERSION = 5.0;
				TEST_HOST = "$(BUILT_PRODUCTS_DIR)/ExternalDisplayTools.app/$(BUNDLE_EXECUTABLE_FOLDER_PATH)/ExternalDisplayTools";
			};
			name = Debug;
		};
		10C26B002F2F7CF100FA4739 /* Release */ = {
			isa = XCBuildConfiguration;
			buildSettings = {
				BUNDLE_LOADER = "$(TEST_HOST)";
				CODE_SIGN_STYLE = Automatic;
				CURRENT_PROJECT_VERSION = 1;
				DEVELOPMENT_TEAM = SVGR6M2GFR;
				GENERATE_INFOPLIST_FILE = YES;
				MACOSX_DEPLOYMENT_TARGET = 26.2;
				MARKETING_VERSION = 1.0;
				PRODUCT_BUNDLE_IDENTIFIER = dev.masterbros.ExternalDisplayToolsTests;
				PRODUCT_NAME = "$(TARGET_NAME)";
				STRING_CATALOG_GENERATE_SYMBOLS = NO;
				SWIFT_APPROACHABLE_CONCURRENCY = YES;
				SWIFT_EMIT_LOC_STRINGS = NO;
				SWIFT_UPCOMING_FEATURE_MEMBER_IMPORT_VISIBILITY = YES;
				SWIFT_VERSION = 5.0;
				TEST_HOST = "$(BUILT_PRODUCTS_DIR)/ExternalDisplayTools.app/$(BUNDLE_EXECUTABLE_FOLDER_PATH)/ExternalDisplayTools";
			};
			name = Release;
		};
		10C26B022F2F7CF100FA4739 /* Debug */ = {
			isa = XCBuildConfiguration;
			buildSettings = {
				CODE_SIGN_STYLE = Automatic;
				CURRENT_PROJECT_VERSION = 1;
				DEVELOPMENT_TEAM = SVGR6M2GFR;
				GENERATE_INFOPLIST_FILE = YES;
				MARKETING_VERSION = 1.0;
				PRODUCT_BUNDLE_IDENTIFIER = dev.masterbros.ExternalDisplayToolsUITests;
				PRODUCT_NAME = "$(TARGET_NAME)";
				STRING_CATALOG_GENERATE_SYMBOLS = NO;
				SWIFT_APPROACHABLE_CONCURRENCY = YES;
				SWIFT_EMIT_LOC_STRINGS = NO;
				SWIFT_UPCOMING_FEATURE_MEMBER_IMPORT_VISIBILITY = YES;
				SWIFT_VERSION = 5.0;
				TEST_TARGET_NAME = ExternalDisplayTools;
			};
			name = Debug;
		};
		10C26B032F2F7CF100FA4739 /* Release */ = {
			isa = XCBuildConfiguration;
			buildSettings = {
				CODE_SIGN_STYLE = Automatic;
				CURRENT_PROJECT_VERSION = 1;
				DEVELOPMENT_TEAM = SVGR6M2GFR;
				GENERATE_INFOPLIST_FILE = YES;
				MARKETING_VERSION = 1.0;
				PRODUCT_BUNDLE_IDENTIFIER = dev.masterbros.ExternalDisplayToolsUITests;
				PRODUCT_NAME = "$(TARGET_NAME)";
				STRING_CATALOG_GENERATE_SYMBOLS = NO;
				SWIFT_APPROACHABLE_CONCURRENCY = YES;
				SWIFT_EMIT_LOC_STRINGS = NO;
				SWIFT_UPCOMING_FEATURE_MEMBER_IMPORT_VISIBILITY = YES;
				SWIFT_VERSION = 5.0;
				TEST_TARGET_NAME = ExternalDisplayTools;
			};
			name = Release;
		};
/* End XCBuildConfiguration section */

/* Begin XCConfigurationList section */
		10C26AD52F2F7CF000FA4739 /* Build configuration list for PBXProject "ExternalDisplayTools" */ = {
			isa = XCConfigurationList;
			buildConfigurations = (
				10C26AF92F2F7CF100FA4739 /* Debug */,
				10C26AFA2F2F7CF100FA4739 /* Release */,
			);
			defaultConfigurationIsVisible = 0;
			defaultConfigurationName = Release;
		};
		10C26AFB2F2F7CF100FA4739 /* Build configuration list for PBXNativeTarget "ExternalDisplayTools" */ = {
			isa = XCConfigurationList;
			buildConfigurations = (
				10C26AFC2F2F7CF100FA4739 /* Debug */,
				10C26AFD2F2F7CF100FA4739 /* Release */,
			);
			defaultConfigurationIsVisible = 0;
			defaultConfigurationName = Release;
		};
		10C26AFE2F2F7CF100FA4739 /* Build configuration list for PBXNativeTarget "ExternalDisplayToolsTests" */ = {
			isa = XCConfigurationList;
			buildConfigurations = (
				10C26AFF2F2F7CF100FA4739 /* Debug */,
				10C26B002F2F7CF100FA4739 /* Release */,
			);
			defaultConfigurationIsVisible = 0;
			defaultConfigurationName = Release;
		};
		10C26B012F2F7CF100FA4739 /* Build configuration list for PBXNativeTarget "ExternalDisplayToolsUITests" */ = {
			isa = XCConfigurationList;
			buildConfigurations = (
				10C26B022F2F7CF100FA4739 /* Debug */,
				10C26B032F2F7CF100FA4739 /* Release */,
			);
			defaultConfigurationIsVisible = 0;
			defaultConfigurationName = Release;
		};
/* End XCConfigurationList section */
	};
	rootObject = 10C26AD22F2F7CF000FA4739 /* Project object */;
}
